{
  "name": "colorizer",
  "version": "1.0.0",
  "lockfileVersion": 1,
  "requires": true,
  "dependencies": {
    "escape-html": {
      "version": "1.0.3",
      "resolved": "https://registry.npmjs.org/escape-html/-/escape-html-1.0.3.tgz",
      "integrity": "sha1-Aljq5NPQwJdN4cFpGI7wBR0dGYg="
    },
    "he": {
      "version": "1.1.1",
      "resolved": "https://registry.npmjs.org/he/-/he-1.1.1.tgz",
      "integrity": "sha1-k0EP0hsAlzUVH4howvJx80J+I/0="
    },
    "nan": {
      "version": "2.14.1",
      "resolved": "https://registry.npmjs.org/nan/-/nan-2.14.1.tgz",
      "integrity": "sha512-isWHgVjnFjh2x2yuJ/tj3JbwoHu3UC2dX5G/88Cm24yB6YopVgxvBObDY7n5xW6ExmFhJpSEQqFPvq9zaXc8Jw=="
    },
    "node-html-parser": {
      "version": "1.2.19",
      "resolved": "https://registry.npmjs.org/node-html-parser/-/node-html-parser-1.2.19.tgz",
      "integrity": "sha512-MQvBz+qk7SbqNPp0c7hR0F8lRTPXK5n2tww4eFmXf+cXp5hZHtL5rJHlAWlcjzRep+T5Pd5lz3lqFgN7IFYEiw==",
      "requires": {
        "he": "1.1.1"
      }
    },
    "oniguruma": {
      "version": "7.2.1",
      "resolved": "https://registry.npmjs.org/oniguruma/-/oniguruma-7.2.1.tgz",
      "integrity": "sha512-WPS/e1uzhswPtJSe+Zls/kAj27+lEqZjCmRSjnYk/Z4L2Mu+lJC2JWtkZhPJe4kZeTQfz7ClcLyXlI4J68MG2w==",
      "requires": {
        "nan": "^2.14.0"
      }
    },
    "vscode-textmate": {
      "version": "5.1.1",
      "resolved": "https://registry.npmjs.org/vscode-textmate/-/vscode-textmate-5.1.1.tgz",
      "integrity": "sha512-5VHjF+Fglf9d2JI5OyQ7FHutK6/29G0qYyD920K0SWO7uY8JTWbqyKAHEtfB/ZDk2fOe/E23n3wz9fHXKi63yg=="
    }
  }
}
